// !$*UTF8*$!
{
	archiveVersion = 1;
	classes = {
	};
	objectVersion = 46;
	objects = {

/* Begin PBXBuildFile section */
		E53129E21D49161D009C8C12 /* SelectionSort.m in Sources */ = {isa = PBXBuildFile; fileRef = E53129E11D49161D009C8C12 /* SelectionSort.m */; };
		E53129E61D491A80009C8C12 /* SelectionSortTests.m in Sources */ = {isa = PBXBuildFile; fileRef = E53129E51D491A80009C8C12 /* SelectionSortTests.m */; };
		E53129E81D492C80009C8C12 /* InsertionSortTests.m in Sources */ = {isa = PBXBuildFile; fileRef = E53129E71D492C80009C8C12 /* InsertionSortTests.m */; };
		E53129EB1D4935C3009C8C12 /* BubbleSort.m in Sources */ = {isa = PBXBuildFile; fileRef = E53129EA1D4935C3009C8C12 /* BubbleSort.m */; };
		E53129ED1D493641009C8C12 /* BubbleSortTests.m in Sources */ = {isa = PBXBuildFile; fileRef = E53129EC1D493641009C8C12 /* BubbleSortTests.m */; };
		E53129F01D4939C0009C8C12 /* ShellSort.m in Sources */ = {isa = PBXBuildFile; fileRef = E53129EF1D4939C0009C8C12 /* ShellSort.m */; };
		E53129F21D493E5D009C8C12 /* ShellSortTests.m in Sources */ = {isa = PBXBuildFile; fileRef = E53129F11D493E5D009C8C12 /* ShellSortTests.m */; };
		E53129F41D496406009C8C12 /* BitUtilsTests.m in Sources */ = {isa = PBXBuildFile; fileRef = E53129F31D496406009C8C12 /* BitUtilsTests.m */; };
		E53129F81D4D6B9D009C8C12 /* MaxPath.m in Sources */ = {isa = PBXBuildFile; fileRef = E53129F71D4D6B9D009C8C12 /* MaxPath.m */; };
		E53129FA1D4D72AC009C8C12 /* MaxPathTests.m in Sources */ = {isa = PBXBuildFile; fileRef = E53129F91D4D72AC009C8C12 /* MaxPathTests.m */; };
		E53129FD1D4DD853009C8C12 /* FibonacciNumbers.m in Sources */ = {isa = PBXBuildFile; fileRef = E53129FC1D4DD853009C8C12 /* FibonacciNumbers.m */; };
		E53129FF1D4DDA61009C8C12 /* FibonacciNumbersTests.m in Sources */ = {isa = PBXBuildFile; fileRef = E53129FE1D4DDA61009C8C12 /* FibonacciNumbersTests.m */; };
		E53E445D1D4101AA008A68CA /* main.m in Sources */ = {isa = PBXBuildFile; fileRef = E53E445C1D4101AA008A68CA /* main.m */; };
		E53E44601D4101AA008A68CA /* AppDelegate.m in Sources */ = {isa = PBXBuildFile; fileRef = E53E445F1D4101AA008A68CA /* AppDelegate.m */; };
		E53E44631D4101AA008A68CA /* ViewController.m in Sources */ = {isa = PBXBuildFile; fileRef = E53E44621D4101AA008A68CA /* ViewController.m */; };
		E53E44661D4101AA008A68CA /* Main.storyboard in Resources */ = {isa = PBXBuildFile; fileRef = E53E44641D4101AA008A68CA /* Main.storyboard */; };
		E53E44681D4101AA008A68CA /* Assets.xcassets in Resources */ = {isa = PBXBuildFile; fileRef = E53E44671D4101AA008A68CA /* Assets.xcassets */; };
		E53E446B1D4101AA008A68CA /* LaunchScreen.storyboard in Resources */ = {isa = PBXBuildFile; fileRef = E53E44691D4101AA008A68CA /* LaunchScreen.storyboard */; };
		E53E44951D4101C8008A68CA /* Heap.m in Sources */ = {isa = PBXBuildFile; fileRef = E53E44901D4101C8008A68CA /* Heap.m */; };
		E53E44961D4101C8008A68CA /* Mergesort.m in Sources */ = {isa = PBXBuildFile; fileRef = E53E44921D4101C8008A68CA /* Mergesort.m */; };
		E53E44971D4101C8008A68CA /* Quicksort.m in Sources */ = {isa = PBXBuildFile; fileRef = E53E44941D4101C8008A68CA /* Quicksort.m */; };
		E53E449B1D4101D6008A68CA /* HeapsortTests.m in Sources */ = {isa = PBXBuildFile; fileRef = E53E44981D4101D6008A68CA /* HeapsortTests.m */; };
		E53E449C1D4101D6008A68CA /* MergesortTests.m in Sources */ = {isa = PBXBuildFile; fileRef = E53E44991D4101D6008A68CA /* MergesortTests.m */; };
		E53E449D1D4101D6008A68CA /* QuicksortTests.m in Sources */ = {isa = PBXBuildFile; fileRef = E53E449A1D4101D6008A68CA /* QuicksortTests.m */; };
		E53E44A11D4101F0008A68CA /* Utils.m in Sources */ = {isa = PBXBuildFile; fileRef = E53E44A01D4101F0008A68CA /* Utils.m */; };
		E53E44A91D42A8AE008A68CA /* Node.m in Sources */ = {isa = PBXBuildFile; fileRef = E53E44A81D42A8AD008A68CA /* Node.m */; };
		E53E44AC1D42A8BA008A68CA /* Edge.m in Sources */ = {isa = PBXBuildFile; fileRef = E53E44AB1D42A8BA008A68CA /* Edge.m */; };
		E53E44AF1D42AB8B008A68CA /* Queue.m in Sources */ = {isa = PBXBuildFile; fileRef = E53E44AE1D42AB8B008A68CA /* Queue.m */; };
		E53E44B21D42AC69008A68CA /* Stack.m in Sources */ = {isa = PBXBuildFile; fileRef = E53E44B11D42AC69008A68CA /* Stack.m */; };
		E53E44B51D42AC82008A68CA /* Graph.m in Sources */ = {isa = PBXBuildFile; fileRef = E53E44B41D42AC82008A68CA /* Graph.m */; };
		E53E44B81D4331CB008A68CA /* DebugUtils.m in Sources */ = {isa = PBXBuildFile; fileRef = E53E44B71D4331CB008A68CA /* DebugUtils.m */; };
		E53E44BC1D46C96E008A68CA /* BitUtils.m in Sources */ = {isa = PBXBuildFile; fileRef = E53E44BB1D46C96E008A68CA /* BitUtils.m */; };
		E53E44BF1D47F291008A68CA /* InsertionSort.m in Sources */ = {isa = PBXBuildFile; fileRef = E53E44BE1D47F291008A68CA /* InsertionSort.m */; };
/* End PBXBuildFile section */

/* Begin PBXContainerItemProxy section */
		E53E44721D4101AA008A68CA /* PBXContainerItemProxy */ = {
			isa = PBXContainerItemProxy;
			containerPortal = E53E44501D4101A9008A68CA /* Project object */;
			proxyType = 1;
			remoteGlobalIDString = E53E44571D4101A9008A68CA;
			remoteInfo = "Objective-C Algorithms";
		};
		E53E447D1D4101AA008A68CA /* PBXContainerItemProxy */ = {
			isa = PBXContainerItemProxy;
			containerPortal = E53E44501D4101A9008A68CA /* Project object */;
			proxyType = 1;
			remoteGlobalIDString = E53E44571D4101A9008A68CA;
			remoteInfo = "Objective-C Algorithms";
		};
/* End PBXContainerItemProxy section */

/* Begin PBXFileReference section */
		E53129DF1D48100A009C8C12 /* SortProtocol.h */ = {isa = PBXFileReference; lastKnownFileType = sourcecode.c.h; path = SortProtocol.h; sourceTree = "<group>"; };
		E53129E01D49161D009C8C12 /* SelectionSort.h */ = {isa = PBXFileReference; fileEncoding = 4; lastKnownFileType = sourcecode.c.h; path = SelectionSort.h; sourceTree = "<group>"; };
		E53129E11D49161D009C8C12 /* SelectionSort.m */ = {isa = PBXFileReference; fileEncoding = 4; lastKnownFileType = sourcecode.c.objc; path = SelectionSort.m; sourceTree = "<group>"; };
		E53129E51D491A80009C8C12 /* SelectionSortTests.m */ = {isa = PBXFileReference; fileEncoding = 4; lastKnownFileType = sourcecode.c.objc; path = SelectionSortTests.m; sourceTree = "<group>"; };
		E53129E71D492C80009C8C12 /* InsertionSortTests.m */ = {isa = PBXFileReference; fileEncoding = 4; lastKnownFileType = sourcecode.c.objc; path = InsertionSortTests.m; sourceTree = "<group>"; };
		E53129E91D4935C3009C8C12 /* BubbleSort.h */ = {isa = PBXFileReference; fileEncoding = 4; lastKnownFileType = sourcecode.c.h; path = BubbleSort.h; sourceTree = "<group>"; };
		E53129EA1D4935C3009C8C12 /* BubbleSort.m */ = {isa = PBXFileReference; fileEncoding = 4; lastKnownFileType = sourcecode.c.objc; path = BubbleSort.m; sourceTree = "<group>"; };
		E53129EC1D493641009C8C12 /* BubbleSortTests.m */ = {isa = PBXFileReference; fileEncoding = 4; lastKnownFileType = sourcecode.c.objc; path = BubbleSortTests.m; sourceTree = "<group>"; };
		E53129EE1D4939C0009C8C12 /* ShellSort.h */ = {isa = PBXFileReference; fileEncoding = 4; lastKnownFileType = sourcecode.c.h; path = ShellSort.h; sourceTree = "<group>"; };
		E53129EF1D4939C0009C8C12 /* ShellSort.m */ = {isa = PBXFileReference; fileEncoding = 4; lastKnownFileType = sourcecode.c.objc; path = ShellSort.m; sourceTree = "<group>"; };
		E53129F11D493E5D009C8C12 /* ShellSortTests.m */ = {isa = PBXFileReference; fileEncoding = 4; lastKnownFileType = sourcecode.c.objc; path = ShellSortTests.m; sourceTree = "<group>"; };
		E53129F31D496406009C8C12 /* BitUtilsTests.m */ = {isa = PBXFileReference; fileEncoding = 4; lastKnownFileType = sourcecode.c.objc; path = BitUtilsTests.m; sourceTree = "<group>"; };
		E53129F61D4D6B9D009C8C12 /* MaxPath.h */ = {isa = PBXFileReference; fileEncoding = 4; lastKnownFileType = sourcecode.c.h; name = MaxPath.h; path = problems/MaxPath.h; sourceTree = "<group>"; };
		E53129F71D4D6B9D009C8C12 /* MaxPath.m */ = {isa = PBXFileReference; fileEncoding = 4; lastKnownFileType = sourcecode.c.objc; name = MaxPath.m; path = problems/MaxPath.m; sourceTree = "<group>"; };
		E53129F91D4D72AC009C8C12 /* MaxPathTests.m */ = {isa = PBXFileReference; fileEncoding = 4; lastKnownFileType = sourcecode.c.objc; path = MaxPathTests.m; sourceTree = "<group>"; };
		E53129FB1D4DD853009C8C12 /* FibonacciNumbers.h */ = {isa = PBXFileReference; fileEncoding = 4; lastKnownFileType = sourcecode.c.h; name = FibonacciNumbers.h; path = problems/FibonacciNumbers.h; sourceTree = "<group>"; };
		E53129FC1D4DD853009C8C12 /* FibonacciNumbers.m */ = {isa = PBXFileReference; fileEncoding = 4; lastKnownFileType = sourcecode.c.objc; name = FibonacciNumbers.m; path = problems/FibonacciNumbers.m; sourceTree = "<group>"; };
		E53129FE1D4DDA61009C8C12 /* FibonacciNumbersTests.m */ = {isa = PBXFileReference; fileEncoding = 4; lastKnownFileType = sourcecode.c.objc; path = FibonacciNumbersTests.m; sourceTree = "<group>"; };
		E53E44581D4101A9008A68CA /* Objective-C Algorithms.app */ = {isa = PBXFileReference; explicitFileType = wrapper.application; includeInIndex = 0; path = "Objective-C Algorithms.app"; sourceTree = BUILT_PRODUCTS_DIR; };
		E53E445C1D4101AA008A68CA /* main.m */ = {isa = PBXFileReference; lastKnownFileType = sourcecode.c.objc; path = main.m; sourceTree = "<group>"; };
		E53E445E1D4101AA008A68CA /* AppDelegate.h */ = {isa = PBXFileReference; lastKnownFileType = sourcecode.c.h; path = AppDelegate.h; sourceTree = "<group>"; };
		E53E445F1D4101AA008A68CA /* AppDelegate.m */ = {isa = PBXFileReference; lastKnownFileType = sourcecode.c.objc; path = AppDelegate.m; sourceTree = "<group>"; };
		E53E44611D4101AA008A68CA /* ViewController.h */ = {isa = PBXFileReference; lastKnownFileType = sourcecode.c.h; path = ViewController.h; sourceTree = "<group>"; };
		E53E44621D4101AA008A68CA /* ViewController.m */ = {isa = PBXFileReference; lastKnownFileType = sourcecode.c.objc; path = ViewController.m; sourceTree = "<group>"; };
		E53E44651D4101AA008A68CA /* Base */ = {isa = PBXFileReference; lastKnownFileType = file.storyboard; name = Base; path = Base.lproj/Main.storyboard; sourceTree = "<group>"; };
		E53E44671D4101AA008A68CA /* Assets.xcassets */ = {isa = PBXFileReference; lastKnownFileType = folder.assetcatalog; path = Assets.xcassets; sourceTree = "<group>"; };
		E53E446A1D4101AA008A68CA /* Base */ = {isa = PBXFileReference; lastKnownFileType = file.storyboard; name = Base; path = Base.lproj/LaunchScreen.storyboard; sourceTree = "<group>"; };
		E53E446C1D4101AA008A68CA /* Info.plist */ = {isa = PBXFileReference; lastKnownFileType = text.plist.xml; path = Info.plist; sourceTree = "<group>"; };
		E53E44711D4101AA008A68CA /* Objective-C AlgorithmsTests.xctest */ = {isa = PBXFileReference; explicitFileType = wrapper.cfbundle; includeInIndex = 0; path = "Objective-C AlgorithmsTests.xctest"; sourceTree = BUILT_PRODUCTS_DIR; };
		E53E44771D4101AA008A68CA /* Info.plist */ = {isa = PBXFileReference; lastKnownFileType = text.plist.xml; path = Info.plist; sourceTree = "<group>"; };
		E53E447C1D4101AA008A68CA /* Objective-C AlgorithmsUITests.xctest */ = {isa = PBXFileReference; explicitFileType = wrapper.cfbundle; includeInIndex = 0; path = "Objective-C AlgorithmsUITests.xctest"; sourceTree = BUILT_PRODUCTS_DIR; };
		E53E44821D4101AA008A68CA /* Info.plist */ = {isa = PBXFileReference; lastKnownFileType = text.plist.xml; path = Info.plist; sourceTree = "<group>"; };
		E53E448F1D4101C8008A68CA /* Heap.h */ = {isa = PBXFileReference; fileEncoding = 4; lastKnownFileType = sourcecode.c.h; path = Heap.h; sourceTree = "<group>"; };
		E53E44901D4101C8008A68CA /* Heap.m */ = {isa = PBXFileReference; fileEncoding = 4; lastKnownFileType = sourcecode.c.objc; path = Heap.m; sourceTree = "<group>"; };
		E53E44911D4101C8008A68CA /* Mergesort.h */ = {isa = PBXFileReference; fileEncoding = 4; lastKnownFileType = sourcecode.c.h; path = Mergesort.h; sourceTree = "<group>"; };
		E53E44921D4101C8008A68CA /* Mergesort.m */ = {isa = PBXFileReference; fileEncoding = 4; lastKnownFileType = sourcecode.c.objc; path = Mergesort.m; sourceTree = "<group>"; };
		E53E44931D4101C8008A68CA /* Quicksort.h */ = {isa = PBXFileReference; fileEncoding = 4; lastKnownFileType = sourcecode.c.h; path = Quicksort.h; sourceTree = "<group>"; };
		E53E44941D4101C8008A68CA /* Quicksort.m */ = {isa = PBXFileReference; fileEncoding = 4; lastKnownFileType = sourcecode.c.objc; path = Quicksort.m; sourceTree = "<group>"; };
		E53E44981D4101D6008A68CA /* HeapsortTests.m */ = {isa = PBXFileReference; fileEncoding = 4; lastKnownFileType = sourcecode.c.objc; path = HeapsortTests.m; sourceTree = "<group>"; };
		E53E44991D4101D6008A68CA /* MergesortTests.m */ = {isa = PBXFileReference; fileEncoding = 4; lastKnownFileType = sourcecode.c.objc; path = MergesortTests.m; sourceTree = "<group>"; };
		E53E449A1D4101D6008A68CA /* QuicksortTests.m */ = {isa = PBXFileReference; fileEncoding = 4; lastKnownFileType = sourcecode.c.objc; path = QuicksortTests.m; sourceTree = "<group>"; };
		E53E449F1D4101F0008A68CA /* Utils.h */ = {isa = PBXFileReference; fileEncoding = 4; lastKnownFileType = sourcecode.c.h; path = Utils.h; sourceTree = "<group>"; };
		E53E44A01D4101F0008A68CA /* Utils.m */ = {isa = PBXFileReference; fileEncoding = 4; lastKnownFileType = sourcecode.c.objc; path = Utils.m; sourceTree = "<group>"; };
		E53E44A71D42A8AD008A68CA /* Node.h */ = {isa = PBXFileReference; fileEncoding = 4; lastKnownFileType = sourcecode.c.h; name = Node.h; path = structures/graph/Node.h; sourceTree = "<group>"; };
		E53E44A81D42A8AD008A68CA /* Node.m */ = {isa = PBXFileReference; fileEncoding = 4; lastKnownFileType = sourcecode.c.objc; name = Node.m; path = structures/graph/Node.m; sourceTree = "<group>"; };
		E53E44AA1D42A8BA008A68CA /* Edge.h */ = {isa = PBXFileReference; fileEncoding = 4; lastKnownFileType = sourcecode.c.h; name = Edge.h; path = structures/graph/Edge.h; sourceTree = "<group>"; };
		E53E44AB1D42A8BA008A68CA /* Edge.m */ = {isa = PBXFileReference; fileEncoding = 4; lastKnownFileType = sourcecode.c.objc; name = Edge.m; path = structures/graph/Edge.m; sourceTree = "<group>"; };
		E53E44AD1D42AB8B008A68CA /* Queue.h */ = {isa = PBXFileReference; fileEncoding = 4; lastKnownFileType = sourcecode.c.h; name = Queue.h; path = structures/Queue.h; sourceTree = "<group>"; };
		E53E44AE1D42AB8B008A68CA /* Queue.m */ = {isa = PBXFileReference; fileEncoding = 4; lastKnownFileType = sourcecode.c.objc; name = Queue.m; path = structures/Queue.m; sourceTree = "<group>"; };
		E53E44B01D42AC69008A68CA /* Stack.h */ = {isa = PBXFileReference; fileEncoding = 4; lastKnownFileType = sourcecode.c.h; name = Stack.h; path = structures/Stack.h; sourceTree = "<group>"; };
		E53E44B11D42AC69008A68CA /* Stack.m */ = {isa = PBXFileReference; fileEncoding = 4; lastKnownFileType = sourcecode.c.objc; name = Stack.m; path = structures/Stack.m; sourceTree = "<group>"; };
		E53E44B31D42AC82008A68CA /* Graph.h */ = {isa = PBXFileReference; fileEncoding = 4; lastKnownFileType = sourcecode.c.h; name = Graph.h; path = structures/graph/Graph.h; sourceTree = "<group>"; };
		E53E44B41D42AC82008A68CA /* Graph.m */ = {isa = PBXFileReference; fileEncoding = 4; lastKnownFileType = sourcecode.c.objc; name = Graph.m; path = structures/graph/Graph.m; sourceTree = "<group>"; };
		E53E44B61D4331CB008A68CA /* DebugUtils.h */ = {isa = PBXFileReference; fileEncoding = 4; lastKnownFileType = sourcecode.c.h; path = DebugUtils.h; sourceTree = "<group>"; };
		E53E44B71D4331CB008A68CA /* DebugUtils.m */ = {isa = PBXFileReference; fileEncoding = 4; lastKnownFileType = sourcecode.c.objc; path = DebugUtils.m; sourceTree = "<group>"; };
		E53E44BA1D46C96E008A68CA /* BitUtils.h */ = {isa = PBXFileReference; fileEncoding = 4; lastKnownFileType = sourcecode.c.h; name = BitUtils.h; path = bit/BitUtils.h; sourceTree = "<group>"; };
		E53E44BB1D46C96E008A68CA /* BitUtils.m */ = {isa = PBXFileReference; fileEncoding = 4; lastKnownFileType = sourcecode.c.objc; name = BitUtils.m; path = bit/BitUtils.m; sourceTree = "<group>"; };
		E53E44BD1D47F291008A68CA /* InsertionSort.h */ = {isa = PBXFileReference; fileEncoding = 4; lastKnownFileType = sourcecode.c.h; path = InsertionSort.h; sourceTree = "<group>"; };
		E53E44BE1D47F291008A68CA /* InsertionSort.m */ = {isa = PBXFileReference; fileEncoding = 4; lastKnownFileType = sourcecode.c.objc; path = InsertionSort.m; sourceTree = "<group>"; };
/* End PBXFileReference section */

/* Begin PBXFrameworksBuildPhase section */
		E53E44551D4101A9008A68CA /* Frameworks */ = {
			isa = PBXFrameworksBuildPhase;
			buildActionMask = 2147483647;
			files = (
			);
			runOnlyForDeploymentPostprocessing = 0;
		};
		E53E446E1D4101AA008A68CA /* Frameworks */ = {
			isa = PBXFrameworksBuildPhase;
			buildActionMask = 2147483647;
			files = (
			);
			runOnlyForDeploymentPostprocessing = 0;
		};
		E53E44791D4101AA008A68CA /* Frameworks */ = {
			isa = PBXFrameworksBuildPhase;
			buildActionMask = 2147483647;
			files = (
			);
			runOnlyForDeploymentPostprocessing = 0;
		};
/* End PBXFrameworksBuildPhase section */

/* Begin PBXGroup section */
		E53129DE1D480FC8009C8C12 /* sorting */ = {
			isa = PBXGroup;
			children = (
				E53129DF1D48100A009C8C12 /* SortProtocol.h */,
				E53E44911D4101C8008A68CA /* Mergesort.h */,
				E53E44921D4101C8008A68CA /* Mergesort.m */,
				E53E44931D4101C8008A68CA /* Quicksort.h */,
				E53E44941D4101C8008A68CA /* Quicksort.m */,
				E53129E01D49161D009C8C12 /* SelectionSort.h */,
				E53129E11D49161D009C8C12 /* SelectionSort.m */,
				E53E44BD1D47F291008A68CA /* InsertionSort.h */,
				E53E44BE1D47F291008A68CA /* InsertionSort.m */,
				E53129E91D4935C3009C8C12 /* BubbleSort.h */,
				E53129EA1D4935C3009C8C12 /* BubbleSort.m */,
				E53129EE1D4939C0009C8C12 /* ShellSort.h */,
				E53129EF1D4939C0009C8C12 /* ShellSort.m */,
			);
			name = sorting;
			sourceTree = "<group>";
		};
		E53129F51D4D6B88009C8C12 /* problems */ = {
			isa = PBXGroup;
			children = (
				E53129F61D4D6B9D009C8C12 /* MaxPath.h */,
				E53129F71D4D6B9D009C8C12 /* MaxPath.m */,
				E53129FB1D4DD853009C8C12 /* FibonacciNumbers.h */,
				E53129FC1D4DD853009C8C12 /* FibonacciNumbers.m */,
			);
			name = problems;
			sourceTree = "<group>";
		};
		E53E444F1D4101A9008A68CA = {
			isa = PBXGroup;
			children = (
				E53E445A1D4101AA008A68CA /* Objective-C Algorithms */,
				E53E44741D4101AA008A68CA /* Objective-C AlgorithmsTests */,
				E53E447F1D4101AA008A68CA /* Objective-C AlgorithmsUITests */,
				E53E44591D4101A9008A68CA /* Products */,
			);
			sourceTree = "<group>";
		};
		E53E44591D4101A9008A68CA /* Products */ = {
			isa = PBXGroup;
			children = (
				E53E44581D4101A9008A68CA /* Objective-C Algorithms.app */,
				E53E44711D4101AA008A68CA /* Objective-C AlgorithmsTests.xctest */,
				E53E447C1D4101AA008A68CA /* Objective-C AlgorithmsUITests.xctest */,
			);
			name = Products;
			sourceTree = "<group>";
		};
		E53E445A1D4101AA008A68CA /* Objective-C Algorithms */ = {
			isa = PBXGroup;
			children = (
				E53129F51D4D6B88009C8C12 /* problems */,
				E53E44B61D4331CB008A68CA /* DebugUtils.h */,
				E53E44B71D4331CB008A68CA /* DebugUtils.m */,
				E53E448E1D4101C8008A68CA /* alg */,
				E53E445E1D4101AA008A68CA /* AppDelegate.h */,
				E53E445F1D4101AA008A68CA /* AppDelegate.m */,
				E53E44611D4101AA008A68CA /* ViewController.h */,
				E53E44621D4101AA008A68CA /* ViewController.m */,
				E53E44641D4101AA008A68CA /* Main.storyboard */,
				E53E44671D4101AA008A68CA /* Assets.xcassets */,
				E53E44691D4101AA008A68CA /* LaunchScreen.storyboard */,
				E53E446C1D4101AA008A68CA /* Info.plist */,
				E53E445B1D4101AA008A68CA /* Supporting Files */,
			);
			path = "Objective-C Algorithms";
			sourceTree = "<group>";
		};
		E53E445B1D4101AA008A68CA /* Supporting Files */ = {
			isa = PBXGroup;
			children = (
				E53E445C1D4101AA008A68CA /* main.m */,
			);
			name = "Supporting Files";
			sourceTree = "<group>";
		};
		E53E44741D4101AA008A68CA /* Objective-C AlgorithmsTests */ = {
			isa = PBXGroup;
			children = (
				E53E44991D4101D6008A68CA /* MergesortTests.m */,
				E53E449A1D4101D6008A68CA /* QuicksortTests.m */,
				E53E44981D4101D6008A68CA /* HeapsortTests.m */,
				E53129E51D491A80009C8C12 /* SelectionSortTests.m */,
				E53129E71D492C80009C8C12 /* InsertionSortTests.m */,
				E53129EC1D493641009C8C12 /* BubbleSortTests.m */,
				E53129F11D493E5D009C8C12 /* ShellSortTests.m */,
				E53E44771D4101AA008A68CA /* Info.plist */,
				E53129F31D496406009C8C12 /* BitUtilsTests.m */,
				E53129F91D4D72AC009C8C12 /* MaxPathTests.m */,
				E53129FE1D4DDA61009C8C12 /* FibonacciNumbersTests.m */,
			);
			path = "Objective-C AlgorithmsTests";
			sourceTree = "<group>";
		};
		E53E447F1D4101AA008A68CA /* Objective-C AlgorithmsUITests */ = {
			isa = PBXGroup;
			children = (
				E53E44821D4101AA008A68CA /* Info.plist */,
			);
			path = "Objective-C AlgorithmsUITests";
			sourceTree = "<group>";
		};
		E53E448E1D4101C8008A68CA /* alg */ = {
			isa = PBXGroup;
			children = (
				E53129DE1D480FC8009C8C12 /* sorting */,
				E53E44A51D41C08C008A68CA /* structures */,
				E53E449E1D4101E6008A68CA /* utils */,
			);
			path = alg;
			sourceTree = "<group>";
		};
		E53E449E1D4101E6008A68CA /* utils */ = {
			isa = PBXGroup;
			children = (
				E53E449F1D4101F0008A68CA /* Utils.h */,
				E53E44A01D4101F0008A68CA /* Utils.m */,
			);
			name = utils;
			path = ..;
			sourceTree = "<group>";
		};
		E53E44A51D41C08C008A68CA /* structures */ = {
			isa = PBXGroup;
			children = (
				E53E448F1D4101C8008A68CA /* Heap.h */,
				E53E44901D4101C8008A68CA /* Heap.m */,
				E53E44B91D46C952008A68CA /* bit */,
				E53E44A61D42A897008A68CA /* graph */,
				E53E44AD1D42AB8B008A68CA /* Queue.h */,
				E53E44AE1D42AB8B008A68CA /* Queue.m */,
				E53E44B01D42AC69008A68CA /* Stack.h */,
				E53E44B11D42AC69008A68CA /* Stack.m */,
			);
			name = structures;
			sourceTree = "<group>";
		};
		E53E44A61D42A897008A68CA /* graph */ = {
			isa = PBXGroup;
			children = (
				E53E44B31D42AC82008A68CA /* Graph.h */,
				E53E44B41D42AC82008A68CA /* Graph.m */,
				E53E44A71D42A8AD008A68CA /* Node.h */,
				E53E44A81D42A8AD008A68CA /* Node.m */,
				E53E44AA1D42A8BA008A68CA /* Edge.h */,
				E53E44AB1D42A8BA008A68CA /* Edge.m */,
			);
			name = graph;
			sourceTree = "<group>";
		};
		E53E44B91D46C952008A68CA /* bit */ = {
			isa = PBXGroup;
			children = (
				E53E44BA1D46C96E008A68CA /* BitUtils.h */,
				E53E44BB1D46C96E008A68CA /* BitUtils.m */,
			);
			name = bit;
			sourceTree = "<group>";
		};
/* End PBXGroup section */

/* Begin PBXNativeTarget section */
		E53E44571D4101A9008A68CA /* Objective-C Algorithms */ = {
			isa = PBXNativeTarget;
			buildConfigurationList = E53E44851D4101AA008A68CA /* Build configuration list for PBXNativeTarget "Objective-C Algorithms" */;
			buildPhases = (
				E53E44541D4101A9008A68CA /* Sources */,
				E53E44551D4101A9008A68CA /* Frameworks */,
				E53E44561D4101A9008A68CA /* Resources */,
			);
			buildRules = (
			);
			dependencies = (
			);
			name = "Objective-C Algorithms";
			productName = "Objective-C Algorithms";
			productReference = E53E44581D4101A9008A68CA /* Objective-C Algorithms.app */;
			productType = "com.apple.product-type.application";
		};
		E53E44701D4101AA008A68CA /* Objective-C AlgorithmsTests */ = {
			isa = PBXNativeTarget;
			buildConfigurationList = E53E44881D4101AA008A68CA /* Build configuration list for PBXNativeTarget "Objective-C AlgorithmsTests" */;
			buildPhases = (
				E53E446D1D4101AA008A68CA /* Sources */,
				E53E446E1D4101AA008A68CA /* Frameworks */,
				E53E446F1D4101AA008A68CA /* Resources */,
			);
			buildRules = (
			);
			dependencies = (
				E53E44731D4101AA008A68CA /* PBXTargetDependency */,
			);
			name = "Objective-C AlgorithmsTests";
			productName = "Objective-C AlgorithmsTests";
			productReference = E53E44711D4101AA008A68CA /* Objective-C AlgorithmsTests.xctest */;
			productType = "com.apple.product-type.bundle.unit-test";
		};
		E53E447B1D4101AA008A68CA /* Objective-C AlgorithmsUITests */ = {
			isa = PBXNativeTarget;
			buildConfigurationList = E53E448B1D4101AA008A68CA /* Build configuration list for PBXNativeTarget "Objective-C AlgorithmsUITests" */;
			buildPhases = (
				E53E44781D4101AA008A68CA /* Sources */,
				E53E44791D4101AA008A68CA /* Frameworks */,
				E53E447A1D4101AA008A68CA /* Resources */,
			);
			buildRules = (
			);
			dependencies = (
				E53E447E1D4101AA008A68CA /* PBXTargetDependency */,
			);
			name = "Objective-C AlgorithmsUITests";
			productName = "Objective-C AlgorithmsUITests";
			productReference = E53E447C1D4101AA008A68CA /* Objective-C AlgorithmsUITests.xctest */;
			productType = "com.apple.product-type.bundle.ui-testing";
		};
/* End PBXNativeTarget section */

/* Begin PBXProject section */
		E53E44501D4101A9008A68CA /* Project object */ = {
			isa = PBXProject;
			attributes = {
				LastUpgradeCheck = 0730;
				ORGANIZATIONNAME = "FRISS, SHALOM [AG-Contractor/1005]";
				TargetAttributes = {
					E53E44571D4101A9008A68CA = {
						CreatedOnToolsVersion = 7.3.1;
					};
					E53E44701D4101AA008A68CA = {
						CreatedOnToolsVersion = 7.3.1;
						TestTargetID = E53E44571D4101A9008A68CA;
					};
					E53E447B1D4101AA008A68CA = {
						CreatedOnToolsVersion = 7.3.1;
						TestTargetID = E53E44571D4101A9008A68CA;
					};
				};
			};
			buildConfigurationList = E53E44531D4101A9008A68CA /* Build configuration list for PBXProject "Objective-C Algorithms" */;
			compatibilityVersion = "Xcode 3.2";
			developmentRegion = English;
			hasScannedForEncodings = 0;
			knownRegions = (
				en,
				Base,
			);
			mainGroup = E53E444F1D4101A9008A68CA;
			productRefGroup = E53E44591D4101A9008A68CA /* Products */;
			projectDirPath = "";
			projectRoot = "";
			targets = (
				E53E44571D4101A9008A68CA /* Objective-C Algorithms */,
				E53E44701D4101AA008A68CA /* Objective-C AlgorithmsTests */,
				E53E447B1D4101AA008A68CA /* Objective-C AlgorithmsUITests */,
			);
		};
/* End PBXProject section */

/* Begin PBXResourcesBuildPhase section */
		E53E44561D4101A9008A68CA /* Resources */ = {
			isa = PBXResourcesBuildPhase;
			buildActionMask = 2147483647;
			files = (
				E53E446B1D4101AA008A68CA /* LaunchScreen.storyboard in Resources */,
				E53E44681D4101AA008A68CA /* Assets.xcassets in Resources */,
				E53E44661D4101AA008A68CA /* Main.storyboard in Resources */,
			);
			runOnlyForDeploymentPostprocessing = 0;
		};
		E53E446F1D4101AA008A68CA /* Resources */ = {
			isa = PBXResourcesBuildPhase;
			buildActionMask = 2147483647;
			files = (
			);
			runOnlyForDeploymentPostprocessing = 0;
		};
		E53E447A1D4101AA008A68CA /* Resources */ = {
			isa = PBXResourcesBuildPhase;
			buildActionMask = 2147483647;
			files = (
			);
			runOnlyForDeploymentPostprocessing = 0;
		};
/* End PBXResourcesBuildPhase section */

/* Begin PBXSourcesBuildPhase section */
		E53E44541D4101A9008A68CA /* Sources */ = {
			isa = PBXSourcesBuildPhase;
			buildActionMask = 2147483647;
			files = (
				E53129F01D4939C0009C8C12 /* ShellSort.m in Sources */,
				E53E44B51D42AC82008A68CA /* Graph.m in Sources */,
				E53E44BF1D47F291008A68CA /* InsertionSort.m in Sources */,
				E53E44B21D42AC69008A68CA /* Stack.m in Sources */,
				E53E44AC1D42A8BA008A68CA /* Edge.m in Sources */,
				E53E44B81D4331CB008A68CA /* DebugUtils.m in Sources */,
				E53E44631D4101AA008A68CA /* ViewController.m in Sources */,
				E53E44A91D42A8AE008A68CA /* Node.m in Sources */,
				E53E44971D4101C8008A68CA /* Quicksort.m in Sources */,
				E53129F81D4D6B9D009C8C12 /* MaxPath.m in Sources */,
				E53129EB1D4935C3009C8C12 /* BubbleSort.m in Sources */,
				E53129E21D49161D009C8C12 /* SelectionSort.m in Sources */,
				E53E44961D4101C8008A68CA /* Mergesort.m in Sources */,
				E53E44AF1D42AB8B008A68CA /* Queue.m in Sources */,
				E53E44601D4101AA008A68CA /* AppDelegate.m in Sources */,
				E53129FD1D4DD853009C8C12 /* FibonacciNumbers.m in Sources */,
				E53E445D1D4101AA008A68CA /* main.m in Sources */,
				E53E44BC1D46C96E008A68CA /* BitUtils.m in Sources */,
				E53E44A11D4101F0008A68CA /* Utils.m in Sources */,
				E53E44951D4101C8008A68CA /* Heap.m in Sources */,
			);
			runOnlyForDeploymentPostprocessing = 0;
		};
		E53E446D1D4101AA008A68CA /* Sources */ = {
			isa = PBXSourcesBuildPhase;
			buildActionMask = 2147483647;
			files = (
				E53E449C1D4101D6008A68CA /* MergesortTests.m in Sources */,
				E53129FF1D4DDA61009C8C12 /* FibonacciNumbersTests.m in Sources */,
				E53129E81D492C80009C8C12 /* InsertionSortTests.m in Sources */,
				E53E449B1D4101D6008A68CA /* HeapsortTests.m in Sources */,
				E53129FA1D4D72AC009C8C12 /* MaxPathTests.m in Sources */,
				E53E449D1D4101D6008A68CA /* QuicksortTests.m in Sources */,
				E53129E61D491A80009C8C12 /* SelectionSortTests.m in Sources */,
				E53129F41D496406009C8C12 /* BitUtilsTests.m in Sources */,
				E53129F21D493E5D009C8C12 /* ShellSortTests.m in Sources */,
				E53129ED1D493641009C8C12 /* BubbleSortTests.m in Sources */,
			);
			runOnlyForDeploymentPostprocessing = 0;
		};
		E53E44781D4101AA008A68CA /* Sources */ = {
			isa = PBXSourcesBuildPhase;
			buildActionMask = 2147483647;
			files = (
			);
			runOnlyForDeploymentPostprocessing = 0;
		};
/* End PBXSourcesBuildPhase section */

/* Begin PBXTargetDependency section */
		E53E44731D4101AA008A68CA /* PBXTargetDependency */ = {
			isa = PBXTargetDependency;
			target = E53E44571D4101A9008A68CA /* Objective-C Algorithms */;
			targetProxy = E53E44721D4101AA008A68CA /* PBXContainerItemProxy */;
		};
		E53E447E1D4101AA008A68CA /* PBXTargetDependency */ = {
			isa = PBXTargetDependency;
			target = E53E44571D4101A9008A68CA /* Objective-C Algorithms */;
			targetProxy = E53E447D1D4101AA008A68CA /* PBXContainerItemProxy */;
		};
/* End PBXTargetDependency section */

/* Begin PBXVariantGroup section */
		E53E44641D4101AA008A68CA /* Main.storyboard */ = {
			isa = PBXVariantGroup;
			children = (
				E53E44651D4101AA008A68CA /* Base */,
			);
			name = Main.storyboard;
			sourceTree = "<group>";
		};
		E53E44691D4101AA008A68CA /* LaunchScreen.storyboard */ = {
			isa = PBXVariantGroup;
			children = (
				E53E446A1D4101AA008A68CA /* Base */,
			);
			name = LaunchScreen.storyboard;
			sourceTree = "<group>";
		};
/* End PBXVariantGroup section */

/* Begin XCBuildConfiguration section */
		E53E44831D4101AA008A68CA /* Debug */ = {
			isa = XCBuildConfiguration;
			buildSettings = {
				ALWAYS_SEARCH_USER_PATHS = NO;
				CLANG_ANALYZER_NONNULL = YES;
				CLANG_CXX_LANGUAGE_STANDARD = "gnu++0x";
				CLANG_CXX_LIBRARY = "libc++";
				CLANG_ENABLE_MODULES = YES;
				CLANG_ENABLE_OBJC_ARC = YES;
				CLANG_WARN_BOOL_CONVERSION = YES;
				CLANG_WARN_CONSTANT_CONVERSION = YES;
				CLANG_WARN_DIRECT_OBJC_ISA_USAGE = YES_ERROR;
				CLANG_WARN_EMPTY_BODY = YES;
				CLANG_WARN_ENUM_CONVERSION = YES;
				CLANG_WARN_INT_CONVERSION = YES;
				CLANG_WARN_OBJC_ROOT_CLASS = YES_ERROR;
				CLANG_WARN_UNREACHABLE_CODE = YES;
				CLANG_WARN__DUPLICATE_METHOD_MATCH = YES;
				"CODE_SIGN_IDENTITY[sdk=iphoneos*]" = "iPhone Developer";
				COPY_PHASE_STRIP = NO;
				DEBUG_INFORMATION_FORMAT = dwarf;
				ENABLE_STRICT_OBJC_MSGSEND = YES;
				ENABLE_TESTABILITY = YES;
				GCC_C_LANGUAGE_STANDARD = gnu99;
				GCC_DYNAMIC_NO_PIC = NO;
				GCC_NO_COMMON_BLOCKS = YES;
				GCC_OPTIMIZATION_LEVEL = 0;
				GCC_PREPROCESSOR_DEFINITIONS = (
					"DEBUG=1",
					"$(inherited)",
				);
				GCC_WARN_64_TO_32_BIT_CONVERSION = YES;
				GCC_WARN_ABOUT_RETURN_TYPE = YES_ERROR;
				GCC_WARN_UNDECLARED_SELECTOR = YES;
				GCC_WARN_UNINITIALIZED_AUTOS = YES_AGGRESSIVE;
				GCC_WARN_UNUSED_FUNCTION = YES;
				GCC_WARN_UNUSED_VARIABLE = YES;
				IPHONEOS_DEPLOYMENT_TARGET = 9.3;
				MTL_ENABLE_DEBUG_INFO = YES;
				ONLY_ACTIVE_ARCH = YES;
				SDKROOT = iphoneos;
				TARGETED_DEVICE_FAMILY = "1,2";
			};
			name = Debug;
		};
		E53E44841D4101AA008A68CA /* Release */ = {
			isa = XCBuildConfiguration;
			buildSettings = {
				ALWAYS_SEARCH_USER_PATHS = NO;
				CLANG_ANALYZER_NONNULL = YES;
				CLANG_CXX_LANGUAGE_STANDARD = "gnu++0x";
				CLANG_CXX_LIBRARY = "libc++";
				CLANG_ENABLE_MODULES = YES;
				CLANG_ENABLE_OBJC_ARC = YES;
				CLANG_WARN_BOOL_CONVERSION = YES;
				CLANG_WARN_CONSTANT_CONVERSION = YES;
				CLANG_WARN_DIRECT_OBJC_ISA_USAGE = YES_ERROR;
				CLANG_WARN_EMPTY_BODY = YES;
				CLANG_WARN_ENUM_CONVERSION = YES;
				CLANG_WARN_INT_CONVERSION = YES;
				CLANG_WARN_OBJC_ROOT_CLASS = YES_ERROR;
				CLANG_WARN_UNREACHABLE_CODE = YES;
				CLANG_WARN__DUPLICATE_METHOD_MATCH = YES;
				"CODE_SIGN_IDENTITY[sdk=iphoneos*]" = "iPhone Developer";
				COPY_PHASE_STRIP = NO;
				DEBUG_INFORMATION_FORMAT = "dwarf-with-dsym";
				ENABLE_NS_ASSERTIONS = NO;
				ENABLE_STRICT_OBJC_MSGSEND = YES;
				GCC_C_LANGUAGE_STANDARD = gnu99;
				GCC_NO_COMMON_BLOCKS = YES;
				GCC_WARN_64_TO_32_BIT_CONVERSION = YES;
				GCC_WARN_ABOUT_RETURN_TYPE = YES_ERROR;
				GCC_WARN_UNDECLARED_SELECTOR = YES;
				GCC_WARN_UNINITIALIZED_AUTOS = YES_AGGRESSIVE;
				GCC_WARN_UNUSED_FUNCTION = YES;
				GCC_WARN_UNUSED_VARIABLE = YES;
				IPHONEOS_DEPLOYMENT_TARGET = 9.3;
				MTL_ENABLE_DEBUG_INFO = NO;
				SDKROOT = iphoneos;
				TARGETED_DEVICE_FAMILY = "1,2";
				VALIDATE_PRODUCT = YES;
			};
			name = Release;
		};
		E53E44861D4101AA008A68CA /* Debug */ = {
			isa = XCBuildConfiguration;
			buildSettings = {
				ASSETCATALOG_COMPILER_APPICON_NAME = AppIcon;
				INFOPLIST_FILE = "Objective-C Algorithms/Info.plist";
				LD_RUNPATH_SEARCH_PATHS = "$(inherited) @executable_path/Frameworks";
				ONLY_ACTIVE_ARCH = YES;
				PRODUCT_BUNDLE_IDENTIFIER = "com.knucklemedia.Objective-C-Algorithms";
				PRODUCT_NAME = "$(TARGET_NAME)";
			};
			name = Debug;
		};
		E53E44871D4101AA008A68CA /* Release */ = {
			isa = XCBuildConfiguration;
			buildSettings = {
				ASSETCATALOG_COMPILER_APPICON_NAME = AppIcon;
				INFOPLIST_FILE = "Objective-C Algorithms/Info.plist";
				LD_RUNPATH_SEARCH_PATHS = "$(inherited) @executable_path/Frameworks";
				ONLY_ACTIVE_ARCH = YES;
				PRODUCT_BUNDLE_IDENTIFIER = "com.knucklemedia.Objective-C-Algorithms";
				PRODUCT_NAME = "$(TARGET_NAME)";
			};
			name = Release;
		};
		E53E44891D4101AA008A68CA /* Debug */ = {
			isa = XCBuildConfiguration;
			buildSettings = {
				BUNDLE_LOADER = "$(TEST_HOST)";
				INFOPLIST_FILE = "Objective-C AlgorithmsTests/Info.plist";
				LD_RUNPATH_SEARCH_PATHS = "$(inherited) @executable_path/Frameworks @loader_path/Frameworks";
				ONLY_ACTIVE_ARCH = YES;
				PRODUCT_BUNDLE_IDENTIFIER = "com.knucklemedia.Objective-C-AlgorithmsTests";
				PRODUCT_NAME = "$(TARGET_NAME)";
				TEST_HOST = "$(BUILT_PRODUCTS_DIR)/Objective-C Algorithms.app/Objective-C Algorithms";
			};
			name = Debug;
		};
		E53E448A1D4101AA008A68CA /* Release */ = {
			isa = XCBuildConfiguration;
			buildSettings = {
				BUNDLE_LOADER = "$(TEST_HOST)";
				INFOPLIST_FILE = "Objective-C AlgorithmsTests/Info.plist";
				LD_RUNPATH_SEARCH_PATHS = "$(inherited) @executable_path/Frameworks @loader_path/Frameworks";
				ONLY_ACTIVE_ARCH = YES;
				PRODUCT_BUNDLE_IDENTIFIER = "com.knucklemedia.Objective-C-AlgorithmsTests";
				PRODUCT_NAME = "$(TARGET_NAME)";
				TEST_HOST = "$(BUILT_PRODUCTS_DIR)/Objective-C Algorithms.app/Objective-C Algorithms";
			};
			name = Release;
		};
		E53E448C1D4101AA008A68CA /* Debug */ = {
			isa = XCBuildConfiguration;
			buildSettings = {
				INFOPLIST_FILE = "Objective-C AlgorithmsUITests/Info.plist";
				LD_RUNPATH_SEARCH_PATHS = "$(inherited) @executable_path/Frameworks @loader_path/Frameworks";
				ONLY_ACTIVE_ARCH = YES;
				PRODUCT_BUNDLE_IDENTIFIER = "com.knucklemedia.Objective-C-AlgorithmsUITests";
				PRODUCT_NAME = "$(TARGET_NAME)";
				TEST_TARGET_NAME = "Objective-C Algorithms";
			};
			name = Debug;
		};
		E53E448D1D4101AA008A68CA /* Release */ = {
			isa = XCBuildConfiguration;
			buildSettings = {
				INFOPLIST_FILE = "Objective-C AlgorithmsUITests/Info.plist";
				LD_RUNPATH_SEARCH_PATHS = "$(inherited) @executable_path/Frameworks @loader_path/Frameworks";
				ONLY_ACTIVE_ARCH = YES;
				PRODUCT_BUNDLE_IDENTIFIER = "com.knucklemedia.Objective-C-AlgorithmsUITests";
				PRODUCT_NAME = "$(TARGET_NAME)";
				TEST_TARGET_NAME = "Objective-C Algorithms";
			};
			name = Release;
		};
/* End XCBuildConfiguration section */

/* Begin XCConfigurationList section */
		E53E44531D4101A9008A68CA /* Build configuration list for PBXProject "Objective-C Algorithms" */ = {
			isa = XCConfigurationList;
			buildConfigurations = (
				E53E44831D4101AA008A68CA /* Debug */,
				E53E44841D4101AA008A68CA /* Release */,
			);
			defaultConfigurationIsVisible = 0;
			defaultConfigurationName = Release;
		};
		E53E44851D4101AA008A68CA /* Build configuration list for PBXNativeTarget "Objective-C Algorithms" */ = {
			isa = XCConfigurationList;
			buildConfigurations = (
				E53E44861D4101AA008A68CA /* Debug */,
				E53E44871D4101AA008A68CA /* Release */,
			);
			defaultConfigurationIsVisible = 0;
			defaultConfigurationName = Release;
		};
		E53E44881D4101AA008A68CA /* Build configuration list for PBXNativeTarget "Objective-C AlgorithmsTests" */ = {
			isa = XCConfigurationList;
			buildConfigurations = (
				E53E44891D4101AA008A68CA /* Debug */,
				E53E448A1D4101AA008A68CA /* Release */,
			);
			defaultConfigurationIsVisible = 0;
			defaultConfigurationName = Release;
		};
		E53E448B1D4101AA008A68CA /* Build configuration list for PBXNativeTarget "Objective-C AlgorithmsUITests" */ = {
			isa = XCConfigurationList;
			buildConfigurations = (
				E53E448C1D4101AA008A68CA /* Debug */,
				E53E448D1D4101AA008A68CA /* Release */,
			);
			defaultConfigurationIsVisible = 0;
			defaultConfigurationName = Release;
		};
/* End XCConfigurationList section */
	};
	rootObject = E53E44501D4101A9008A68CA /* Project object */;
}
